
Microsoft Visual Studio Solution File, Format Version 12.00
# Visual Studio Version 17
VisualStudioVersion = 17.5.33414.496
MinimumVisualStudioVersion = 10.0.40219.1
Project("{FAE04EC0-301F-11D3-BF4B-00C04F79EFBC}") = "AddressBook", "AddressBook.csproj", "{3076C57B-1E51-4FAD-B03E-EBFA54ECE274}"
EndProject
Global
	GlobalSection(SolutionConfigurationPlatforms) = preSolution
		Debug|Any CPU = Debug|Any CPU
		Release|Any CPU = Release|Any CPU
	EndGlobalSection
	GlobalSection(ProjectConfigurationPlatforms) = postSolution
		{3076C57B-1E51-4FAD-B03E-EBFA54ECE274}.Debug|Any CPU.ActiveCfg = Debug|Any CPU
		{3076C57B-1E51-4FAD-B03E-EBFA54ECE274}.Debug|Any CPU.Build.0 = Debug|Any CPU
		{3076C57B-1E51-4FAD-B03E-EBFA54ECE274}.Release|Any CPU.ActiveCfg = Release|Any CPU
		{3076C57B-1E51-4FAD-B03E-EBFA54ECE274}.Release|Any CPU.Build.0 = Release|Any CPU
	EndGlobalSection
	GlobalSection(SolutionProperties) = preSolution
		HideSolutionNode = FALSE
	EndGlobalSection
	GlobalSection(ExtensibilityGlobals) = postSolution
		SolutionGuid = {0E715180-530F-466C-972B-7BFD95652766}
	EndGlobalSection
EndGlobal
